
Microsoft Visual Studio Solution File, Format Version 12.00
# Visual Studio Version 16
VisualStudioVersion = 16.0.29025.244
MinimumVisualStudioVersion = 10.0.40219.1
Project("{FAE04EC0-301F-11D3-BF4B-00C04F79EFBC}") = "FIRMA_MVC", "FIRMA_MVC\FIRMA_MVC.csproj", "{95C30374-1674-4C22-8DF4-8D8C88BA9819}"
EndProject
Global
	GlobalSection(SolutionConfigurationPlatforms) = preSolution
		Debug|Any CPU = Debug|Any CPU
		Release|Any CPU = Release|Any CPU
	EndGlobalSection
	GlobalSection(ProjectConfigurationPlatforms) = postSolution
		{95C30374-1674-4C22-8DF4-8D8C88BA9819}.Debug|Any CPU.ActiveCfg = Debug|Any CPU
		{95C30374-1674-4C22-8DF4-8D8C88BA9819}.Debug|Any CPU.Build.0 = Debug|Any CPU
		{95C30374-1674-4C22-8DF4-8D8C88BA9819}.Release|Any CPU.ActiveCfg = Release|Any CPU
		{95C30374-1674-4C22-8DF4-8D8C88BA9819}.Release|Any CPU.Build.0 = Release|Any CPU
	EndGlobalSection
	GlobalSection(SolutionProperties) = preSolution
		HideSolutionNode = FALSE
	EndGlobalSection
	GlobalSection(ExtensibilityGlobals) = postSolution
		SolutionGuid = {241C612A-3178-4D6B-A3A8-133E532A14BB}
	EndGlobalSection
EndGlobal
